<?xml version="1.0" encoding="utf-8"?>
<Project ToolsVersion="4.0" xmlns="http://schemas.microsoft.com/developer/msbuild/2003">
  <ItemGroup>
    <ClCompile Include="src\ofApp.cpp">
      <Filter>src</Filter>
    </ClCompile>
    <ClCompile Include="src\main.cpp">
      <Filter>src</Filter>
    </ClCompile>
    <ClCompile Include="src\main.cpp">
      <Filter>src</Filter>
    </ClCompile>
    <ClCompile Include="src\ofApp.cpp">
      <Filter>src</Filter>
    </ClCompile>
    <ClCompile Include="src\ParticleSystem.cpp">
      <Filter>src</Filter>
    </ClCompile>
    <ClCompile Include="src\VjObject.cpp">
      <Filter>src</Filter>
    </ClCompile>
    <ClCompile Include="src\WaveMeshOverlay.cpp">
      <Filter>src</Filter>
    </ClCompile>
    <ClCompile Include="..\..\..\addons\ofxAnimatable\src\ofxAnimatable.cpp">
      <Filter>addons\ofxAnimatable\src</Filter>
    </ClCompile>
    <ClCompile Include="..\..\..\addons\ofxAnimatable\src\ofxAnimatableFloat.cpp">
      <Filter>addons\ofxAnimatable\src</Filter>
    </ClCompile>
    <ClCompile Include="..\..\..\addons\ofxAnimatable\src\ofxAnimatableOfColor.cpp">
      <Filter>addons\ofxAnimatable\src</Filter>
    </ClCompile>
    <ClCompile Include="..\..\..\addons\ofxAnimatable\src\ofxAnimatableOfPoint.cpp">
      <Filter>addons\ofxAnimatable\src</Filter>
    </ClCompile>
    <ClCompile Include="..\..\..\addons\ofxAnimatable\src\ofxAnimatableQueue.cpp">
      <Filter>addons\ofxAnimatable\src</Filter>
    </ClCompile>
    <ClCompile Include="..\..\..\addons\ofxGui\src\ofxBaseGui.cpp">
      <Filter>addons\ofxGui\src</Filter>
    </ClCompile>
    <ClCompile Include="..\..\..\addons\ofxGui\src\ofxButton.cpp">
      <Filter>addons\ofxGui\src</Filter>
    </ClCompile>
    <ClCompile Include="..\..\..\addons\ofxGui\src\ofxGuiGroup.cpp">
      <Filter>addons\ofxGui\src</Filter>
    </ClCompile>
    <ClCompile Include="..\..\..\addons\ofxGui\src\ofxLabel.cpp">
      <Filter>addons\ofxGui\src</Filter>
    </ClCompile>
    <ClCompile Include="..\..\..\addons\ofxGui\src\ofxPanel.cpp">
      <Filter>addons\ofxGui\src</Filter>
    </ClCompile>
    <ClCompile Include="..\..\..\addons\ofxGui\src\ofxSlider.cpp">
      <Filter>addons\ofxGui\src</Filter>
    </ClCompile>
    <ClCompile Include="..\..\..\addons\ofxGui\src\ofxSliderGroup.cpp">
      <Filter>addons\ofxGui\src</Filter>
    </ClCompile>
    <ClCompile Include="..\..\..\addons\ofxGui\src\ofxToggle.cpp">
      <Filter>addons\ofxGui\src</Filter>
    </ClCompile>
    <ClCompile Include="..\..\..\addons\ofxLayer\src\ofxLayer.cpp">
      <Filter>addons\ofxLayer\src</Filter>
    </ClCompile>
    <ClCompile Include="..\..\..\addons\ofxLayer\src\ofxLayerManager.cpp">
      <Filter>addons\ofxLayer\src</Filter>
    </ClCompile>
    <ClCompile Include="..\..\..\addons\ofxOsc\src\ofxOscBundle.cpp">
      <Filter>addons\ofxOsc\src</Filter>
    </ClCompile>
    <ClCompile Include="..\..\..\addons\ofxOsc\src\ofxOscMessage.cpp">
      <Filter>addons\ofxOsc\src</Filter>
    </ClCompile>
    <ClCompile Include="..\..\..\addons\ofxOsc\src\ofxOscParameterSync.cpp">
      <Filter>addons\ofxOsc\src</Filter>
    </ClCompile>
    <ClCompile Include="..\..\..\addons\ofxOsc\src\ofxOscReceiver.cpp">
      <Filter>addons\ofxOsc\src</Filter>
    </ClCompile>
    <ClCompile Include="..\..\..\addons\ofxOsc\src\ofxOscSender.cpp">
      <Filter>addons\ofxOsc\src</Filter>
    </ClCompile>
    <ClCompile Include="..\..\..\addons\ofxOsc\libs\oscpack\src\ip\IpEndpointName.cpp">
      <Filter>addons\ofxOsc\libs\oscpack\src\ip</Filter>
    </ClCompile>
    <ClCompile Include="..\..\..\addons\ofxOsc\libs\oscpack\src\ip\win32\NetworkingUtils.cpp">
      <Filter>addons\ofxOsc\libs\oscpack\src\ip\win32</Filter>
    </ClCompile>
    <ClCompile Include="..\..\..\addons\ofxOsc\libs\oscpack\src\ip\win32\UdpSocket.cpp">
      <Filter>addons\ofxOsc\libs\oscpack\src\ip\win32</Filter>
    </ClCompile>
    <ClCompile Include="..\..\..\addons\ofxOsc\libs\oscpack\src\osc\OscOutboundPacketStream.cpp">
      <Filter>addons\ofxOsc\libs\oscpack\src\osc</Filter>
    </ClCompile>
    <ClCompile Include="..\..\..\addons\ofxOsc\libs\oscpack\src\osc\OscPrintReceivedElements.cpp">
      <Filter>addons\ofxOsc\libs\oscpack\src\osc</Filter>
    </ClCompile>
    <ClCompile Include="..\..\..\addons\ofxOsc\libs\oscpack\src\osc\OscReceivedElements.cpp">
      <Filter>addons\ofxOsc\libs\oscpack\src\osc</Filter>
    </ClCompile>
    <ClCompile Include="..\..\..\addons\ofxOsc\libs\oscpack\src\osc\OscTypes.cpp">
      <Filter>addons\ofxOsc\libs\oscpack\src\osc</Filter>
    </ClCompile>
    <ClCompile Include="src\CircleGrow.cpp">
      <Filter>src\Layers</Filter>
    </ClCompile>
    <ClCompile Include="src\ParticleGrowTexture.cpp">
      <Filter>src\Layers</Filter>
    </ClCompile>
    <ClCompile Include="src\ParticleSystemTexture.cpp">
      <Filter>src\Layers</Filter>
    </ClCompile>
    <ClCompile Include="src\StripeSpiral.cpp">
      <Filter>src\Layers</Filter>
    </ClCompile>
    <ClCompile Include="src\SimpleDots.cpp">
      <Filter>src\TextureGen</Filter>
    </ClCompile>
    <ClCompile Include="src\SimpleStripes.cpp">
      <Filter>src\TextureGen</Filter>
    </ClCompile>
    <ClCompile Include="src\SphereGrow.cpp">
      <Filter>src\Layers</Filter>
    </ClCompile>
    <ClCompile Include="src\StripeCubes.cpp">
      <Filter>src\Layers</Filter>
    </ClCompile>
    <ClCompile Include="src\WaveMeshTexture.cpp">
      <Filter>src\Layers</Filter>
    </ClCompile>
    <ClCompile Include="src\WaveMeshAdvTex.cpp">
      <Filter>src\Layers</Filter>
    </ClCompile>
    <ClCompile Include="src\SoundAnalyzer.cpp">
      <Filter>src</Filter>
    </ClCompile>
    <ClCompile Include="src\kiss\kiss_fft.c">
      <Filter>src\kiss</Filter>
    </ClCompile>
    <ClCompile Include="src\kiss\kiss_fftr.c">
      <Filter>src\kiss</Filter>
    </ClCompile>
    <ClCompile Include="src\ManagerLayer.cpp">
      <Filter>src</Filter>
    </ClCompile>
    <ClCompile Include="src\MainMixer.cpp">
      <Filter>src</Filter>
    </ClCompile>
    <ClCompile Include="..\..\..\addons\ofxNetwork\src\ofxTCPClient.cpp">
      <Filter>addons\ofxNetwork\src</Filter>
    </ClCompile>
    <ClCompile Include="..\..\..\addons\ofxNetwork\src\ofxTCPManager.cpp">
      <Filter>addons\ofxNetwork\src</Filter>
    </ClCompile>
    <ClCompile Include="..\..\..\addons\ofxNetwork\src\ofxTCPServer.cpp">
      <Filter>addons\ofxNetwork\src</Filter>
    </ClCompile>
    <ClCompile Include="..\..\..\addons\ofxNetwork\src\ofxUDPManager.cpp">
      <Filter>addons\ofxNetwork\src</Filter>
    </ClCompile>
    <ClCompile Include="..\..\..\addons\ofxXmlSettings\src\ofxXmlSettings.cpp">
      <Filter>addons\ofxXmlSettings\src</Filter>
    </ClCompile>
    <ClCompile Include="..\..\..\addons\ofxXmlSettings\libs\tinyxml.cpp">
      <Filter>addons\ofxXmlSettings\libs</Filter>
    </ClCompile>
    <ClCompile Include="..\..\..\addons\ofxXmlSettings\libs\tinyxmlerror.cpp">
      <Filter>addons\ofxXmlSettings\libs</Filter>
    </ClCompile>
    <ClCompile Include="..\..\..\addons\ofxXmlSettings\libs\tinyxmlparser.cpp">
      <Filter>addons\ofxXmlSettings\libs</Filter>
    </ClCompile>
  </ItemGroup>
  <ItemGroup>
    <Filter Include="src">
      <UniqueIdentifier>{d8376475-7454-4a24-b08a-aac121d3ad6f}</UniqueIdentifier>
    </Filter>
    <Filter Include="addons">
      <UniqueIdentifier>{71834F65-F3A9-211E-73B8-DC85}</UniqueIdentifier>
    </Filter>
    <Filter Include="addons\ofxAnimatable">
      <UniqueIdentifier>{76597DE6-6EC6-9B33-AE16-324A}</UniqueIdentifier>
    </Filter>
    <Filter Include="addons\ofxAnimatable\src">
      <UniqueIdentifier>{9A0AF1AC-D8D7-DC08-0B38-3CC3}</UniqueIdentifier>
    </Filter>
    <Filter Include="addons\ofxGui">
      <UniqueIdentifier>{4F2A59AF-5F4E-704B-D067-EC13}</UniqueIdentifier>
    </Filter>
    <Filter Include="addons\ofxGui\src">
      <UniqueIdentifier>{645E9533-4DCD-6179-1CDF-CB65}</UniqueIdentifier>
    </Filter>
    <Filter Include="addons\ofxLayer">
      <UniqueIdentifier>{695C9345-3585-6AE5-69E1-700F}</UniqueIdentifier>
    </Filter>
    <Filter Include="addons\ofxLayer\src">
      <UniqueIdentifier>{29830DCA-D028-B29B-E883-19DC}</UniqueIdentifier>
    </Filter>
    <Filter Include="addons\ofxOsc">
      <UniqueIdentifier>{D91DCA33-6E5D-4481-2AEC-9FBB}</UniqueIdentifier>
    </Filter>
    <Filter Include="addons\ofxOsc\src">
      <UniqueIdentifier>{B9DD339A-D93D-92A1-0A2F-4B41}</UniqueIdentifier>
    </Filter>
    <Filter Include="addons\ofxOsc\libs">
      <UniqueIdentifier>{99ECA1D9-873F-4622-8FC0-FC7B}</UniqueIdentifier>
    </Filter>
    <Filter Include="addons\ofxOsc\libs\oscpack">
      <UniqueIdentifier>{D3A98534-1602-4FEF-57A6-6593}</UniqueIdentifier>
    </Filter>
    <Filter Include="addons\ofxOsc\libs\oscpack\src">
      <UniqueIdentifier>{BFB5BB47-98C8-BBCB-3066-1046}</UniqueIdentifier>
    </Filter>
    <Filter Include="addons\ofxOsc\libs\oscpack\src\ip">
      <UniqueIdentifier>{5A029128-EB41-95C5-CBC0-CDED}</UniqueIdentifier>
    </Filter>
    <Filter Include="addons\ofxOsc\libs\oscpack\src\ip\win32">
      <UniqueIdentifier>{79DFDFE2-400B-8654-3675-01A3}</UniqueIdentifier>
    </Filter>
    <Filter Include="addons\ofxOsc\libs\oscpack\src\osc">
      <UniqueIdentifier>{EDACB89C-9768-9551-4D41-B590}</UniqueIdentifier>
    </Filter>
    <Filter Include="src\Layers">
      <UniqueIdentifier>{e94aea2f-9657-4b65-9c54-6d20052c7053}</UniqueIdentifier>
    </Filter>
    <Filter Include="src\TextureGen">
      <UniqueIdentifier>{27845010-9b03-43dc-813e-220ea0bf6020}</UniqueIdentifier>
    </Filter>
    <Filter Include="src\kiss">
      <UniqueIdentifier>{78753b61-0757-458a-afe0-e556bfd9ba5e}</UniqueIdentifier>
    </Filter>
    <Filter Include="addons\ofxNetwork">
      <UniqueIdentifier>{c99c78a9-6a74-441b-af9d-cc1f69cf2061}</UniqueIdentifier>
    </Filter>
    <Filter Include="addons\ofxNetwork\src">
      <UniqueIdentifier>{9bde60dd-8077-4437-903d-6acea0899e8e}</UniqueIdentifier>
    </Filter>
    <Filter Include="addons\ofxXmlSettings">
      <UniqueIdentifier>{5071336a-9619-416b-add4-e0057124eec5}</UniqueIdentifier>
    </Filter>
    <Filter Include="addons\ofxXmlSettings\src">
      <UniqueIdentifier>{8b8196cb-50c1-4959-8ab8-6a2e35172e08}</UniqueIdentifier>
    </Filter>
    <Filter Include="addons\ofxXmlSettings\libs">
      <UniqueIdentifier>{fe0ec7da-4d94-4396-a3aa-94fc8590f472}</UniqueIdentifier>
    </Filter>
  </ItemGroup>
  <ItemGroup>
    <ClInclude Include="src\ofApp.h">
      <Filter>src</Filter>
    </ClInclude>
    <ClInclude Include="src\ofApp.h">
      <Filter>src</Filter>
    </ClInclude>
    <ClInclude Include="src\Overlay.h">
      <Filter>src</Filter>
    </ClInclude>
    <ClInclude Include="src\ParticleSystem.h">
      <Filter>src</Filter>
    </ClInclude>
    <ClInclude Include="src\TextureGen.h">
      <Filter>src</Filter>
    </ClInclude>
    <ClInclude Include="src\VjObject.h">
      <Filter>src</Filter>
    </ClInclude>
    <ClInclude Include="src\WaveMeshOverlay.h">
      <Filter>src</Filter>
    </ClInclude>
    <ClInclude Include="..\..\..\addons\ofxAnimatable\src\ofxAnimatable.h">
      <Filter>addons\ofxAnimatable\src</Filter>
    </ClInclude>
    <ClInclude Include="..\..\..\addons\ofxAnimatable\src\ofxAnimatableFloat.h">
      <Filter>addons\ofxAnimatable\src</Filter>
    </ClInclude>
    <ClInclude Include="..\..\..\addons\ofxAnimatable\src\ofxAnimatableOfColor.h">
      <Filter>addons\ofxAnimatable\src</Filter>
    </ClInclude>
    <ClInclude Include="..\..\..\addons\ofxAnimatable\src\ofxAnimatableOfPoint.h">
      <Filter>addons\ofxAnimatable\src</Filter>
    </ClInclude>
    <ClInclude Include="..\..\..\addons\ofxAnimatable\src\ofxAnimatableQueue.h">
      <Filter>addons\ofxAnimatable\src</Filter>
    </ClInclude>
    <ClInclude Include="..\..\..\addons\ofxGui\src\ofxBaseGui.h">
      <Filter>addons\ofxGui\src</Filter>
    </ClInclude>
    <ClInclude Include="..\..\..\addons\ofxGui\src\ofxButton.h">
      <Filter>addons\ofxGui\src</Filter>
    </ClInclude>
    <ClInclude Include="..\..\..\addons\ofxGui\src\ofxGui.h">
      <Filter>addons\ofxGui\src</Filter>
    </ClInclude>
    <ClInclude Include="..\..\..\addons\ofxGui\src\ofxGuiGroup.h">
      <Filter>addons\ofxGui\src</Filter>
    </ClInclude>
    <ClInclude Include="..\..\..\addons\ofxGui\src\ofxLabel.h">
      <Filter>addons\ofxGui\src</Filter>
    </ClInclude>
    <ClInclude Include="..\..\..\addons\ofxGui\src\ofxPanel.h">
      <Filter>addons\ofxGui\src</Filter>
    </ClInclude>
    <ClInclude Include="..\..\..\addons\ofxGui\src\ofxSlider.h">
      <Filter>addons\ofxGui\src</Filter>
    </ClInclude>
    <ClInclude Include="..\..\..\addons\ofxGui\src\ofxSliderGroup.h">
      <Filter>addons\ofxGui\src</Filter>
    </ClInclude>
    <ClInclude Include="..\..\..\addons\ofxGui\src\ofxToggle.h">
      <Filter>addons\ofxGui\src</Filter>
    </ClInclude>
    <ClInclude Include="..\..\..\addons\ofxLayer\src\ofxLayer.h">
      <Filter>addons\ofxLayer\src</Filter>
    </ClInclude>
    <ClInclude Include="..\..\..\addons\ofxLayer\src\ofxLayerConstants.h">
      <Filter>addons\ofxLayer\src</Filter>
    </ClInclude>
    <ClInclude Include="..\..\..\addons\ofxLayer\src\ofxLayerManager.h">
      <Filter>addons\ofxLayer\src</Filter>
    </ClInclude>
    <ClInclude Include="..\..\..\addons\ofxOsc\src\ofxOsc.h">
      <Filter>addons\ofxOsc\src</Filter>
    </ClInclude>
    <ClInclude Include="..\..\..\addons\ofxOsc\src\ofxOscArg.h">
      <Filter>addons\ofxOsc\src</Filter>
    </ClInclude>
    <ClInclude Include="..\..\..\addons\ofxOsc\src\ofxOscBundle.h">
      <Filter>addons\ofxOsc\src</Filter>
    </ClInclude>
    <ClInclude Include="..\..\..\addons\ofxOsc\src\ofxOscMessage.h">
      <Filter>addons\ofxOsc\src</Filter>
    </ClInclude>
    <ClInclude Include="..\..\..\addons\ofxOsc\src\ofxOscParameterSync.h">
      <Filter>addons\ofxOsc\src</Filter>
    </ClInclude>
    <ClInclude Include="..\..\..\addons\ofxOsc\src\ofxOscReceiver.h">
      <Filter>addons\ofxOsc\src</Filter>
    </ClInclude>
    <ClInclude Include="..\..\..\addons\ofxOsc\src\ofxOscSender.h">
      <Filter>addons\ofxOsc\src</Filter>
    </ClInclude>
    <ClInclude Include="..\..\..\addons\ofxOsc\libs\oscpack\src\ip\IpEndpointName.h">
      <Filter>addons\ofxOsc\libs\oscpack\src\ip</Filter>
    </ClInclude>
    <ClInclude Include="..\..\..\addons\ofxOsc\libs\oscpack\src\ip\NetworkingUtils.h">
      <Filter>addons\ofxOsc\libs\oscpack\src\ip</Filter>
    </ClInclude>
    <ClInclude Include="..\..\..\addons\ofxOsc\libs\oscpack\src\ip\PacketListener.h">
      <Filter>addons\ofxOsc\libs\oscpack\src\ip</Filter>
    </ClInclude>
    <ClInclude Include="..\..\..\addons\ofxOsc\libs\oscpack\src\ip\TimerListener.h">
      <Filter>addons\ofxOsc\libs\oscpack\src\ip</Filter>
    </ClInclude>
    <ClInclude Include="..\..\..\addons\ofxOsc\libs\oscpack\src\ip\UdpSocket.h">
      <Filter>addons\ofxOsc\libs\oscpack\src\ip</Filter>
    </ClInclude>
    <ClInclude Include="..\..\..\addons\ofxOsc\libs\oscpack\src\osc\MessageMappingOscPacketListener.h">
      <Filter>addons\ofxOsc\libs\oscpack\src\osc</Filter>
    </ClInclude>
    <ClInclude Include="..\..\..\addons\ofxOsc\libs\oscpack\src\osc\OscException.h">
      <Filter>addons\ofxOsc\libs\oscpack\src\osc</Filter>
    </ClInclude>
    <ClInclude Include="..\..\..\addons\ofxOsc\libs\oscpack\src\osc\OscHostEndianness.h">
      <Filter>addons\ofxOsc\libs\oscpack\src\osc</Filter>
    </ClInclude>
    <ClInclude Include="..\..\..\addons\ofxOsc\libs\oscpack\src\osc\OscOutboundPacketStream.h">
      <Filter>addons\ofxOsc\libs\oscpack\src\osc</Filter>
    </ClInclude>
    <ClInclude Include="..\..\..\addons\ofxOsc\libs\oscpack\src\osc\OscPacketListener.h">
      <Filter>addons\ofxOsc\libs\oscpack\src\osc</Filter>
    </ClInclude>
    <ClInclude Include="..\..\..\addons\ofxOsc\libs\oscpack\src\osc\OscPrintReceivedElements.h">
      <Filter>addons\ofxOsc\libs\oscpack\src\osc</Filter>
    </ClInclude>
    <ClInclude Include="..\..\..\addons\ofxOsc\libs\oscpack\src\osc\OscReceivedElements.h">
      <Filter>addons\ofxOsc\libs\oscpack\src\osc</Filter>
    </ClInclude>
    <ClInclude Include="..\..\..\addons\ofxOsc\libs\oscpack\src\osc\OscTypes.h">
      <Filter>addons\ofxOsc\libs\oscpack\src\osc</Filter>
    </ClInclude>
    <ClInclude Include="src\CircleGrow.h">
      <Filter>src\Layers</Filter>
    </ClInclude>
    <ClInclude Include="src\ParticleGrowTexture.h">
      <Filter>src\Layers</Filter>
    </ClInclude>
    <ClInclude Include="src\ParticleSystemTexture.h">
      <Filter>src\Layers</Filter>
    </ClInclude>
    <ClInclude Include="src\StripeSpiral.h">
      <Filter>src\Layers</Filter>
    </ClInclude>
    <ClInclude Include="src\SimpleDots.h">
      <Filter>src\TextureGen</Filter>
    </ClInclude>
    <ClInclude Include="src\SimpleStripes.h">
      <Filter>src\TextureGen</Filter>
    </ClInclude>
    <ClInclude Include="src\SphereGrow.h">
      <Filter>src\Layers</Filter>
    </ClInclude>
    <ClInclude Include="src\StripeCubes.h">
      <Filter>src\Layers</Filter>
    </ClInclude>
    <ClInclude Include="src\WaveMeshTexture.h">
      <Filter>src\Layers</Filter>
    </ClInclude>
    <ClInclude Include="src\WaveMeshAdvTex.h">
      <Filter>src\Layers</Filter>
    </ClInclude>
    <ClInclude Include="src\SoundAnalyzer.h">
      <Filter>src</Filter>
    </ClInclude>
    <ClInclude Include="src\kiss\kiss_fft.h">
      <Filter>src\kiss</Filter>
    </ClInclude>
    <ClInclude Include="src\kiss\kiss_fftr.h">
      <Filter>src\kiss</Filter>
    </ClInclude>
    <ClInclude Include="src\kiss\kissfft.hh">
      <Filter>src\kiss</Filter>
    </ClInclude>
    <ClInclude Include="src\kiss\_kiss_fft_guts.h">
      <Filter>src\kiss</Filter>
    </ClInclude>
    <ClInclude Include="src\ManagerLayer.h">
      <Filter>src</Filter>
    </ClInclude>
    <ClInclude Include="src\MainMixer.h">
      <Filter>src</Filter>
    </ClInclude>
    <ClInclude Include="..\..\..\addons\ofxNetwork\src\ofxNetwork.h">
      <Filter>addons\ofxNetwork\src</Filter>
    </ClInclude>
    <ClInclude Include="..\..\..\addons\ofxNetwork\src\ofxNetworkUtils.h">
      <Filter>addons\ofxNetwork\src</Filter>
    </ClInclude>
    <ClInclude Include="..\..\..\addons\ofxNetwork\src\ofxTCPClient.h">
      <Filter>addons\ofxNetwork\src</Filter>
    </ClInclude>
    <ClInclude Include="..\..\..\addons\ofxNetwork\src\ofxTCPManager.h">
      <Filter>addons\ofxNetwork\src</Filter>
    </ClInclude>
    <ClInclude Include="..\..\..\addons\ofxNetwork\src\ofxTCPServer.h">
      <Filter>addons\ofxNetwork\src</Filter>
    </ClInclude>
    <ClInclude Include="..\..\..\addons\ofxNetwork\src\ofxUDPManager.h">
      <Filter>addons\ofxNetwork\src</Filter>
    </ClInclude>
    <ClInclude Include="..\..\..\addons\ofxXmlSettings\src\ofxXmlSettings.h">
      <Filter>addons\ofxXmlSettings\src</Filter>
    </ClInclude>
    <ClInclude Include="..\..\..\addons\ofxXmlSettings\libs\tinyxml.h">
      <Filter>addons\ofxXmlSettings\libs</Filter>
    </ClInclude>
  </ItemGroup>
  <ItemGroup>
    <ResourceCompile Include="icon.rc" />
  </ItemGroup>
  <ItemGroup>
    <Xml Include="bin\data\settings.xml" />
  </ItemGroup>
</Project>